
Microsoft Visual Studio Solution File, Format Version 12.00
# Visual Studio Version 16
VisualStudioVersion = 16.0.29001.49
MinimumVisualStudioVersion = 10.0.40219.1
Project("{FAE04EC0-301F-11D3-BF4B-00C04F79EFBC}") = "HowMuchItCanHold", "HowMuchItCanHold\HowMuchItCanHold.csproj", "{1B40D331-82A8-40CD-A522-B1CF90BAAD4F}"
EndProject
Global
	GlobalSection(SolutionConfigurationPlatforms) = preSolution
		Debug|Any CPU = Debug|Any CPU
		Release|Any CPU = Release|Any CPU
	EndGlobalSection
	GlobalSection(ProjectConfigurationPlatforms) = postSolution
		{1B40D331-82A8-40CD-A522-B1CF90BAAD4F}.Debug|Any CPU.ActiveCfg = Debug|Any CPU
		{1B40D331-82A8-40CD-A522-B1CF90BAAD4F}.Debug|Any CPU.Build.0 = Debug|Any CPU
		{1B40D331-82A8-40CD-A522-B1CF90BAAD4F}.Release|Any CPU.ActiveCfg = Release|Any CPU
		{1B40D331-82A8-40CD-A522-B1CF90BAAD4F}.Release|Any CPU.Build.0 = Release|Any CPU
	EndGlobalSection
	GlobalSection(SolutionProperties) = preSolution
		HideSolutionNode = FALSE
	EndGlobalSection
	GlobalSection(ExtensibilityGlobals) = postSolution
		SolutionGuid = {FB7A1146-0DEB-42E1-BB3F-FFB1DC742116}
	EndGlobalSection
EndGlobal
